
Microsoft Visual Studio Solution File, Format Version 12.00
# Visual Studio Version 16
VisualStudioVersion = 16.0.29926.136
MinimumVisualStudioVersion = 10.0.40219.1
Project("{9A19103F-16F7-4668-BE54-9A1E7A4F7556}") = "LoggerServcie", "LoggerServcie\LoggerServcie.csproj", "{474EC396-5291-47C4-ABD4-9C4A8F1DE2FA}"
EndProject
Project("{9A19103F-16F7-4668-BE54-9A1E7A4F7556}") = "WebTrainingApp.API", "WebTrainingApp.API\WebTrainingApp.API.csproj", "{D04D315E-F78B-4AD4-A27C-C888259A21CB}"
EndProject
Project("{9A19103F-16F7-4668-BE54-9A1E7A4F7556}") = "WebTraining.BAL", "WebTraining.BAL\WebTraining.BAL.csproj", "{8B76D004-E3F2-4ADF-958A-B20B092739C8}"
EndProject
Project("{9A19103F-16F7-4668-BE54-9A1E7A4F7556}") = "WebTraining.DAL", "WebTraining.DAL\WebTraining.DAL.csproj", "{C2C9BB1C-951E-42F5-98C1-8A9C9A71CCB5}"
EndProject
Global
	GlobalSection(SolutionConfigurationPlatforms) = preSolution
		Debug|Any CPU = Debug|Any CPU
		Release|Any CPU = Release|Any CPU
	EndGlobalSection
	GlobalSection(ProjectConfigurationPlatforms) = postSolution
		{474EC396-5291-47C4-ABD4-9C4A8F1DE2FA}.Debug|Any CPU.ActiveCfg = Debug|Any CPU
		{474EC396-5291-47C4-ABD4-9C4A8F1DE2FA}.Debug|Any CPU.Build.0 = Debug|Any CPU
		{474EC396-5291-47C4-ABD4-9C4A8F1DE2FA}.Release|Any CPU.ActiveCfg = Release|Any CPU
		{474EC396-5291-47C4-ABD4-9C4A8F1DE2FA}.Release|Any CPU.Build.0 = Release|Any CPU
		{D04D315E-F78B-4AD4-A27C-C888259A21CB}.Debug|Any CPU.ActiveCfg = Debug|Any CPU
		{D04D315E-F78B-4AD4-A27C-C888259A21CB}.Debug|Any CPU.Build.0 = Debug|Any CPU
		{D04D315E-F78B-4AD4-A27C-C888259A21CB}.Release|Any CPU.ActiveCfg = Release|Any CPU
		{D04D315E-F78B-4AD4-A27C-C888259A21CB}.Release|Any CPU.Build.0 = Release|Any CPU
		{8B76D004-E3F2-4ADF-958A-B20B092739C8}.Debug|Any CPU.ActiveCfg = Debug|Any CPU
		{8B76D004-E3F2-4ADF-958A-B20B092739C8}.Debug|Any CPU.Build.0 = Debug|Any CPU
		{8B76D004-E3F2-4ADF-958A-B20B092739C8}.Release|Any CPU.ActiveCfg = Release|Any CPU
		{8B76D004-E3F2-4ADF-958A-B20B092739C8}.Release|Any CPU.Build.0 = Release|Any CPU
		{C2C9BB1C-951E-42F5-98C1-8A9C9A71CCB5}.Debug|Any CPU.ActiveCfg = Debug|Any CPU
		{C2C9BB1C-951E-42F5-98C1-8A9C9A71CCB5}.Debug|Any CPU.Build.0 = Debug|Any CPU
		{C2C9BB1C-951E-42F5-98C1-8A9C9A71CCB5}.Release|Any CPU.ActiveCfg = Release|Any CPU
		{C2C9BB1C-951E-42F5-98C1-8A9C9A71CCB5}.Release|Any CPU.Build.0 = Release|Any CPU
	EndGlobalSection
	GlobalSection(SolutionProperties) = preSolution
		HideSolutionNode = FALSE
	EndGlobalSection
	GlobalSection(ExtensibilityGlobals) = postSolution
		SolutionGuid = {4C8C9CB3-D278-49D0-8E40-0378D46136AA}
	EndGlobalSection
EndGlobal
