
Microsoft Visual Studio Solution File, Format Version 12.00
# Visual Studio Version 16
VisualStudioVersion = 16.0.29926.136
MinimumVisualStudioVersion = 10.0.40219.1
Project("{9A19103F-16F7-4668-BE54-9A1E7A4F7556}") = "WebTraining.API", "WebTraining.API\WebTraining.API.csproj", "{81CF33B2-CA5E-4E19-9077-7141104BBCC3}"
EndProject
Project("{9A19103F-16F7-4668-BE54-9A1E7A4F7556}") = "LoggerServcie", "LoggerServcie\LoggerServcie.csproj", "{C0100380-F83F-4644-9C82-4EDE524189C8}"
EndProject
Project("{9A19103F-16F7-4668-BE54-9A1E7A4F7556}") = "WebTraining.BAL", "WebTraining.BAL\WebTraining.BAL.csproj", "{FC5C72C0-A1DA-4B12-825E-DC728986824E}"
EndProject
Project("{9A19103F-16F7-4668-BE54-9A1E7A4F7556}") = "WebTraining.DAL", "WebTraining.DAL\WebTraining.DAL.csproj", "{4C896AB7-F32A-4C31-B710-4BCD8493A7D6}"
EndProject
Global
	GlobalSection(SolutionConfigurationPlatforms) = preSolution
		Debug|Any CPU = Debug|Any CPU
		Release|Any CPU = Release|Any CPU
	EndGlobalSection
	GlobalSection(ProjectConfigurationPlatforms) = postSolution
		{81CF33B2-CA5E-4E19-9077-7141104BBCC3}.Debug|Any CPU.ActiveCfg = Debug|Any CPU
		{81CF33B2-CA5E-4E19-9077-7141104BBCC3}.Debug|Any CPU.Build.0 = Debug|Any CPU
		{81CF33B2-CA5E-4E19-9077-7141104BBCC3}.Release|Any CPU.ActiveCfg = Release|Any CPU
		{81CF33B2-CA5E-4E19-9077-7141104BBCC3}.Release|Any CPU.Build.0 = Release|Any CPU
		{C0100380-F83F-4644-9C82-4EDE524189C8}.Debug|Any CPU.ActiveCfg = Debug|Any CPU
		{C0100380-F83F-4644-9C82-4EDE524189C8}.Debug|Any CPU.Build.0 = Debug|Any CPU
		{C0100380-F83F-4644-9C82-4EDE524189C8}.Release|Any CPU.ActiveCfg = Release|Any CPU
		{C0100380-F83F-4644-9C82-4EDE524189C8}.Release|Any CPU.Build.0 = Release|Any CPU
		{FC5C72C0-A1DA-4B12-825E-DC728986824E}.Debug|Any CPU.ActiveCfg = Debug|Any CPU
		{FC5C72C0-A1DA-4B12-825E-DC728986824E}.Debug|Any CPU.Build.0 = Debug|Any CPU
		{FC5C72C0-A1DA-4B12-825E-DC728986824E}.Release|Any CPU.ActiveCfg = Release|Any CPU
		{FC5C72C0-A1DA-4B12-825E-DC728986824E}.Release|Any CPU.Build.0 = Release|Any CPU
		{4C896AB7-F32A-4C31-B710-4BCD8493A7D6}.Debug|Any CPU.ActiveCfg = Debug|Any CPU
		{4C896AB7-F32A-4C31-B710-4BCD8493A7D6}.Debug|Any CPU.Build.0 = Debug|Any CPU
		{4C896AB7-F32A-4C31-B710-4BCD8493A7D6}.Release|Any CPU.ActiveCfg = Release|Any CPU
		{4C896AB7-F32A-4C31-B710-4BCD8493A7D6}.Release|Any CPU.Build.0 = Release|Any CPU
	EndGlobalSection
	GlobalSection(SolutionProperties) = preSolution
		HideSolutionNode = FALSE
	EndGlobalSection
	GlobalSection(ExtensibilityGlobals) = postSolution
		SolutionGuid = {4C8C9CB3-D278-49D0-8E40-0378D46136AA}
	EndGlobalSection
EndGlobal
